
Microsoft Visual Studio Solution File, Format Version 12.00
# Visual Studio Version 16
VisualStudioVersion = 16.0.31205.134
MinimumVisualStudioVersion = 10.0.40219.1
Project("{FAE04EC0-301F-11D3-BF4B-00C04F79EFBC}") = "ParentCheck.Web", "ParentCheck.Web\ParentCheck.Web.csproj", "{557CAA72-C0C8-4DCD-9CB6-D601C31E7227}"
EndProject
Project("{FAE04EC0-301F-11D3-BF4B-00C04F79EFBC}") = "ParentCheck.Data", "ParentCheck.Data\ParentCheck.Data.csproj", "{07D41A76-7CA2-4916-8388-1E26C4ECF380}"
EndProject
Project("{FAE04EC0-301F-11D3-BF4B-00C04F79EFBC}") = "ParentCheck", "ParentCheck\ParentCheck.csproj", "{B2BBFA1B-6E41-4990-9591-5E3AC90A5148}"
EndProject
Global
	GlobalSection(SolutionConfigurationPlatforms) = preSolution
		Debug|Any CPU = Debug|Any CPU
		Release|Any CPU = Release|Any CPU
	EndGlobalSection
	GlobalSection(ProjectConfigurationPlatforms) = postSolution
		{557CAA72-C0C8-4DCD-9CB6-D601C31E7227}.Debug|Any CPU.ActiveCfg = Debug|Any CPU
		{557CAA72-C0C8-4DCD-9CB6-D601C31E7227}.Debug|Any CPU.Build.0 = Debug|Any CPU
		{557CAA72-C0C8-4DCD-9CB6-D601C31E7227}.Release|Any CPU.ActiveCfg = Release|Any CPU
		{557CAA72-C0C8-4DCD-9CB6-D601C31E7227}.Release|Any CPU.Build.0 = Release|Any CPU
		{07D41A76-7CA2-4916-8388-1E26C4ECF380}.Debug|Any CPU.ActiveCfg = Debug|Any CPU
		{07D41A76-7CA2-4916-8388-1E26C4ECF380}.Debug|Any CPU.Build.0 = Debug|Any CPU
		{07D41A76-7CA2-4916-8388-1E26C4ECF380}.Release|Any CPU.ActiveCfg = Release|Any CPU
		{07D41A76-7CA2-4916-8388-1E26C4ECF380}.Release|Any CPU.Build.0 = Release|Any CPU
		{B2BBFA1B-6E41-4990-9591-5E3AC90A5148}.Debug|Any CPU.ActiveCfg = Debug|Any CPU
		{B2BBFA1B-6E41-4990-9591-5E3AC90A5148}.Debug|Any CPU.Build.0 = Debug|Any CPU
		{B2BBFA1B-6E41-4990-9591-5E3AC90A5148}.Release|Any CPU.ActiveCfg = Release|Any CPU
		{B2BBFA1B-6E41-4990-9591-5E3AC90A5148}.Release|Any CPU.Build.0 = Release|Any CPU
	EndGlobalSection
	GlobalSection(SolutionProperties) = preSolution
		HideSolutionNode = FALSE
	EndGlobalSection
	GlobalSection(ExtensibilityGlobals) = postSolution
		SolutionGuid = {E8A329C3-E5BA-44FB-A43C-05DD7DCED26E}
	EndGlobalSection
EndGlobal
